// !$*UTF8*$!
{
	archiveVersion = 1;
	classes = {
	};
	objectVersion = 46;
	objects = {

/* Begin PBXBuildFile section */
		C855534F1CEAFF0F00C5573C /* test.png in Resources */ = {isa = PBXBuildFile; fileRef = C855534E1CEAFF0F00C5573C /* test.png */; };
		C8748C701CE5853A004125DB /* main.m in Sources */ = {isa = PBXBuildFile; fileRef = C8748C6F1CE5853A004125DB /* main.m */; };
		C8748C731CE5853A004125DB /* AppDelegate.m in Sources */ = {isa = PBXBuildFile; fileRef = C8748C721CE5853A004125DB /* AppDelegate.m */; };
		C8748C761CE5853A004125DB /* ViewController.m in Sources */ = {isa = PBXBuildFile; fileRef = C8748C751CE5853A004125DB /* ViewController.m */; };
		C8748C791CE5853A004125DB /* Main.storyboard in Resources */ = {isa = PBXBuildFile; fileRef = C8748C771CE5853A004125DB /* Main.storyboard */; };
		C8748C7B1CE5853A004125DB /* Assets.xcassets in Resources */ = {isa = PBXBuildFile; fileRef = C8748C7A1CE5853A004125DB /* Assets.xcassets */; };
		C8748C7E1CE5853A004125DB /* LaunchScreen.storyboard in Resources */ = {isa = PBXBuildFile; fileRef = C8748C7C1CE5853A004125DB /* LaunchScreen.storyboard */; };
		C8748C891CE5853A004125DB /* UIPasteboardTest1Tests.m in Sources */ = {isa = PBXBuildFile; fileRef = C8748C881CE5853A004125DB /* UIPasteboardTest1Tests.m */; };
		C8748C941CE5853A004125DB /* UIPasteboardTest1UITests.m in Sources */ = {isa = PBXBuildFile; fileRef = C8748C931CE5853A004125DB /* UIPasteboardTest1UITests.m */; };
		C8FA96061CEC4AA4004C99F4 /* emmlib.framework in Embed Frameworks */ = {isa = PBXBuildFile; fileRef = C8FA96051CEC4AA4004C99F4 /* emmlib.framework */; settings = {ATTRIBUTES = (CodeSignOnCopy, RemoveHeadersOnCopy, ); }; };
		C8FA96071CEC4AB5004C99F4 /* emmlib.framework in Frameworks */ = {isa = PBXBuildFile; fileRef = C8FA96051CEC4AA4004C99F4 /* emmlib.framework */; };
/* End PBXBuildFile section */

/* Begin PBXContainerItemProxy section */
		C8748C851CE5853A004125DB /* PBXContainerItemProxy */ = {
			isa = PBXContainerItemProxy;
			containerPortal = C8748C631CE58539004125DB /* Project object */;
			proxyType = 1;
			remoteGlobalIDString = C8748C6A1CE58539004125DB;
			remoteInfo = UIPasteboardTest1;
		};
		C8748C901CE5853A004125DB /* PBXContainerItemProxy */ = {
			isa = PBXContainerItemProxy;
			containerPortal = C8748C631CE58539004125DB /* Project object */;
			proxyType = 1;
			remoteGlobalIDString = C8748C6A1CE58539004125DB;
			remoteInfo = UIPasteboardTest1;
		};
/* End PBXContainerItemProxy section */

/* Begin PBXCopyFilesBuildPhase section */
		C8FA96041CEC19B3004C99F4 /* Embed Frameworks */ = {
			isa = PBXCopyFilesBuildPhase;
			buildActionMask = 2147483647;
			dstPath = "";
			dstSubfolderSpec = 10;
			files = (
				C8FA96061CEC4AA4004C99F4 /* emmlib.framework in Embed Frameworks */,
			);
			name = "Embed Frameworks";
			runOnlyForDeploymentPostprocessing = 0;
		};
/* End PBXCopyFilesBuildPhase section */

/* Begin PBXFileReference section */
		C82ACA5A1CEB1E8500A4C9BE /* UIPasteboardTest1.entitlements */ = {isa = PBXFileReference; lastKnownFileType = text.xml; path = UIPasteboardTest1.entitlements; sourceTree = "<group>"; };
		C855534E1CEAFF0F00C5573C /* test.png */ = {isa = PBXFileReference; lastKnownFileType = image.png; path = test.png; sourceTree = "<group>"; };
		C8748C6B1CE58539004125DB /* UIPasteboardTest1.app */ = {isa = PBXFileReference; explicitFileType = wrapper.application; includeInIndex = 0; path = UIPasteboardTest1.app; sourceTree = BUILT_PRODUCTS_DIR; };
		C8748C6F1CE5853A004125DB /* main.m */ = {isa = PBXFileReference; lastKnownFileType = sourcecode.c.objc; path = main.m; sourceTree = "<group>"; };
		C8748C711CE5853A004125DB /* AppDelegate.h */ = {isa = PBXFileReference; lastKnownFileType = sourcecode.c.h; path = AppDelegate.h; sourceTree = "<group>"; };
		C8748C721CE5853A004125DB /* AppDelegate.m */ = {isa = PBXFileReference; lastKnownFileType = sourcecode.c.objc; path = AppDelegate.m; sourceTree = "<group>"; };
		C8748C741CE5853A004125DB /* ViewController.h */ = {isa = PBXFileReference; lastKnownFileType = sourcecode.c.h; path = ViewController.h; sourceTree = "<group>"; };
		C8748C751CE5853A004125DB /* ViewController.m */ = {isa = PBXFileReference; lastKnownFileType = sourcecode.c.objc; path = ViewController.m; sourceTree = "<group>"; };
		C8748C781CE5853A004125DB /* Base */ = {isa = PBXFileReference; lastKnownFileType = file.storyboard; name = Base; path = Base.lproj/Main.storyboard; sourceTree = "<group>"; };
		C8748C7A1CE5853A004125DB /* Assets.xcassets */ = {isa = PBXFileReference; lastKnownFileType = folder.assetcatalog; path = Assets.xcassets; sourceTree = "<group>"; };
		C8748C7D1CE5853A004125DB /* Base */ = {isa = PBXFileReference; lastKnownFileType = file.storyboard; name = Base; path = Base.lproj/LaunchScreen.storyboard; sourceTree = "<group>"; };
		C8748C7F1CE5853A004125DB /* Info.plist */ = {isa = PBXFileReference; lastKnownFileType = text.plist.xml; path = Info.plist; sourceTree = "<group>"; };
		C8748C841CE5853A004125DB /* UIPasteboardTest1Tests.xctest */ = {isa = PBXFileReference; explicitFileType = wrapper.cfbundle; includeInIndex = 0; path = UIPasteboardTest1Tests.xctest; sourceTree = BUILT_PRODUCTS_DIR; };
		C8748C881CE5853A004125DB /* UIPasteboardTest1Tests.m */ = {isa = PBXFileReference; lastKnownFileType = sourcecode.c.objc; path = UIPasteboardTest1Tests.m; sourceTree = "<group>"; };
		C8748C8A1CE5853A004125DB /* Info.plist */ = {isa = PBXFileReference; lastKnownFileType = text.plist.xml; path = Info.plist; sourceTree = "<group>"; };
		C8748C8F1CE5853A004125DB /* UIPasteboardTest1UITests.xctest */ = {isa = PBXFileReference; explicitFileType = wrapper.cfbundle; includeInIndex = 0; path = UIPasteboardTest1UITests.xctest; sourceTree = BUILT_PRODUCTS_DIR; };
		C8748C931CE5853A004125DB /* UIPasteboardTest1UITests.m */ = {isa = PBXFileReference; lastKnownFileType = sourcecode.c.objc; path = UIPasteboardTest1UITests.m; sourceTree = "<group>"; };
		C8748C951CE5853A004125DB /* Info.plist */ = {isa = PBXFileReference; lastKnownFileType = text.plist.xml; path = Info.plist; sourceTree = "<group>"; };
		C8FA96051CEC4AA4004C99F4 /* emmlib.framework */ = {isa = PBXFileReference; lastKnownFileType = wrapper.framework; name = emmlib.framework; path = UIPasteboardTest1/emmlib.framework; sourceTree = "<group>"; };
/* End PBXFileReference section */

/* Begin PBXFrameworksBuildPhase section */
		C8748C681CE58539004125DB /* Frameworks */ = {
			isa = PBXFrameworksBuildPhase;
			buildActionMask = 2147483647;
			files = (
				C8FA96071CEC4AB5004C99F4 /* emmlib.framework in Frameworks */,
			);
			runOnlyForDeploymentPostprocessing = 0;
		};
		C8748C811CE5853A004125DB /* Frameworks */ = {
			isa = PBXFrameworksBuildPhase;
			buildActionMask = 2147483647;
			files = (
			);
			runOnlyForDeploymentPostprocessing = 0;
		};
		C8748C8C1CE5853A004125DB /* Frameworks */ = {
			isa = PBXFrameworksBuildPhase;
			buildActionMask = 2147483647;
			files = (
			);
			runOnlyForDeploymentPostprocessing = 0;
		};
/* End PBXFrameworksBuildPhase section */

/* Begin PBXGroup section */
		C8748C621CE58539004125DB = {
			isa = PBXGroup;
			children = (
				C8FA96051CEC4AA4004C99F4 /* emmlib.framework */,
				C855534E1CEAFF0F00C5573C /* test.png */,
				C8748C6D1CE5853A004125DB /* UIPasteboardTest1 */,
				C8748C871CE5853A004125DB /* UIPasteboardTest1Tests */,
				C8748C921CE5853A004125DB /* UIPasteboardTest1UITests */,
				C8748C6C1CE58539004125DB /* Products */,
			);
			sourceTree = "<group>";
		};
		C8748C6C1CE58539004125DB /* Products */ = {
			isa = PBXGroup;
			children = (
				C8748C6B1CE58539004125DB /* UIPasteboardTest1.app */,
				C8748C841CE5853A004125DB /* UIPasteboardTest1Tests.xctest */,
				C8748C8F1CE5853A004125DB /* UIPasteboardTest1UITests.xctest */,
			);
			name = Products;
			sourceTree = "<group>";
		};
		C8748C6D1CE5853A004125DB /* UIPasteboardTest1 */ = {
			isa = PBXGroup;
			children = (
				C82ACA5A1CEB1E8500A4C9BE /* UIPasteboardTest1.entitlements */,
				C8748C711CE5853A004125DB /* AppDelegate.h */,
				C8748C721CE5853A004125DB /* AppDelegate.m */,
				C8748C741CE5853A004125DB /* ViewController.h */,
				C8748C751CE5853A004125DB /* ViewController.m */,
				C8748C771CE5853A004125DB /* Main.storyboard */,
				C8748C7A1CE5853A004125DB /* Assets.xcassets */,
				C8748C7C1CE5853A004125DB /* LaunchScreen.storyboard */,
				C8748C7F1CE5853A004125DB /* Info.plist */,
				C8748C6E1CE5853A004125DB /* Supporting Files */,
			);
			path = UIPasteboardTest1;
			sourceTree = "<group>";
		};
		C8748C6E1CE5853A004125DB /* Supporting Files */ = {
			isa = PBXGroup;
			children = (
				C8748C6F1CE5853A004125DB /* main.m */,
			);
			name = "Supporting Files";
			sourceTree = "<group>";
		};
		C8748C871CE5853A004125DB /* UIPasteboardTest1Tests */ = {
			isa = PBXGroup;
			children = (
				C8748C881CE5853A004125DB /* UIPasteboardTest1Tests.m */,
				C8748C8A1CE5853A004125DB /* Info.plist */,
			);
			path = UIPasteboardTest1Tests;
			sourceTree = "<group>";
		};
		C8748C921CE5853A004125DB /* UIPasteboardTest1UITests */ = {
			isa = PBXGroup;
			children = (
				C8748C931CE5853A004125DB /* UIPasteboardTest1UITests.m */,
				C8748C951CE5853A004125DB /* Info.plist */,
			);
			path = UIPasteboardTest1UITests;
			sourceTree = "<group>";
		};
/* End PBXGroup section */

/* Begin PBXNativeTarget section */
		C8748C6A1CE58539004125DB /* UIPasteboardTest1 */ = {
			isa = PBXNativeTarget;
			buildConfigurationList = C8748C981CE5853A004125DB /* Build configuration list for PBXNativeTarget "UIPasteboardTest1" */;
			buildPhases = (
				C8748C671CE58539004125DB /* Sources */,
				C8748C681CE58539004125DB /* Frameworks */,
				C8748C691CE58539004125DB /* Resources */,
				C8FA96041CEC19B3004C99F4 /* Embed Frameworks */,
			);
			buildRules = (
			);
			dependencies = (
			);
			name = UIPasteboardTest1;
			productName = UIPasteboardTest1;
			productReference = C8748C6B1CE58539004125DB /* UIPasteboardTest1.app */;
			productType = "com.apple.product-type.application";
		};
		C8748C831CE5853A004125DB /* UIPasteboardTest1Tests */ = {
			isa = PBXNativeTarget;
			buildConfigurationList = C8748C9B1CE5853A004125DB /* Build configuration list for PBXNativeTarget "UIPasteboardTest1Tests" */;
			buildPhases = (
				C8748C801CE5853A004125DB /* Sources */,
				C8748C811CE5853A004125DB /* Frameworks */,
				C8748C821CE5853A004125DB /* Resources */,
			);
			buildRules = (
			);
			dependencies = (
				C8748C861CE5853A004125DB /* PBXTargetDependency */,
			);
			name = UIPasteboardTest1Tests;
			productName = UIPasteboardTest1Tests;
			productReference = C8748C841CE5853A004125DB /* UIPasteboardTest1Tests.xctest */;
			productType = "com.apple.product-type.bundle.unit-test";
		};
		C8748C8E1CE5853A004125DB /* UIPasteboardTest1UITests */ = {
			isa = PBXNativeTarget;
			buildConfigurationList = C8748C9E1CE5853A004125DB /* Build configuration list for PBXNativeTarget "UIPasteboardTest1UITests" */;
			buildPhases = (
				C8748C8B1CE5853A004125DB /* Sources */,
				C8748C8C1CE5853A004125DB /* Frameworks */,
				C8748C8D1CE5853A004125DB /* Resources */,
			);
			buildRules = (
			);
			dependencies = (
				C8748C911CE5853A004125DB /* PBXTargetDependency */,
			);
			name = UIPasteboardTest1UITests;
			productName = UIPasteboardTest1UITests;
			productReference = C8748C8F1CE5853A004125DB /* UIPasteboardTest1UITests.xctest */;
			productType = "com.apple.product-type.bundle.ui-testing";
		};
/* End PBXNativeTarget section */

/* Begin PBXProject section */
		C8748C631CE58539004125DB /* Project object */ = {
			isa = PBXProject;
			attributes = {
				LastUpgradeCheck = 0730;
				ORGANIZATIONNAME = maqj;
				TargetAttributes = {
					C8748C6A1CE58539004125DB = {
						CreatedOnToolsVersion = 7.3;
						DevelopmentTeam = 56MY3ZN5V7;
						SystemCapabilities = {
							com.apple.ApplicationGroups.iOS = {
								enabled = 1;
							};
						};
					};
					C8748C831CE5853A004125DB = {
						CreatedOnToolsVersion = 7.3;
						DevelopmentTeam = CGDYC7CLQY;
						TestTargetID = C8748C6A1CE58539004125DB;
					};
					C8748C8E1CE5853A004125DB = {
						CreatedOnToolsVersion = 7.3;
						DevelopmentTeam = CGDYC7CLQY;
						TestTargetID = C8748C6A1CE58539004125DB;
					};
				};
			};
			buildConfigurationList = C8748C661CE58539004125DB /* Build configuration list for PBXProject "UIPasteboardTest1" */;
			compatibilityVersion = "Xcode 3.2";
			developmentRegion = English;
			hasScannedForEncodings = 0;
			knownRegions = (
				en,
				Base,
			);
			mainGroup = C8748C621CE58539004125DB;
			productRefGroup = C8748C6C1CE58539004125DB /* Products */;
			projectDirPath = "";
			projectRoot = "";
			targets = (
				C8748C6A1CE58539004125DB /* UIPasteboardTest1 */,
				C8748C831CE5853A004125DB /* UIPasteboardTest1Tests */,
				C8748C8E1CE5853A004125DB /* UIPasteboardTest1UITests */,
			);
		};
/* End PBXProject section */

/* Begin PBXResourcesBuildPhase section */
		C8748C691CE58539004125DB /* Resources */ = {
			isa = PBXResourcesBuildPhase;
			buildActionMask = 2147483647;
			files = (
				C8748C7E1CE5853A004125DB /* LaunchScreen.storyboard in Resources */,
				C8748C7B1CE5853A004125DB /* Assets.xcassets in Resources */,
				C8748C791CE5853A004125DB /* Main.storyboard in Resources */,
				C855534F1CEAFF0F00C5573C /* test.png in Resources */,
			);
			runOnlyForDeploymentPostprocessing = 0;
		};
		C8748C821CE5853A004125DB /* Resources */ = {
			isa = PBXResourcesBuildPhase;
			buildActionMask = 2147483647;
			files = (
			);
			runOnlyForDeploymentPostprocessing = 0;
		};
		C8748C8D1CE5853A004125DB /* Resources */ = {
			isa = PBXResourcesBuildPhase;
			buildActionMask = 2147483647;
			files = (
			);
			runOnlyForDeploymentPostprocessing = 0;
		};
/* End PBXResourcesBuildPhase section */

/* Begin PBXSourcesBuildPhase section */
		C8748C671CE58539004125DB /* Sources */ = {
			isa = PBXSourcesBuildPhase;
			buildActionMask = 2147483647;
			files = (
				C8748C761CE5853A004125DB /* ViewController.m in Sources */,
				C8748C731CE5853A004125DB /* AppDelegate.m in Sources */,
				C8748C701CE5853A004125DB /* main.m in Sources */,
			);
			runOnlyForDeploymentPostprocessing = 0;
		};
		C8748C801CE5853A004125DB /* Sources */ = {
			isa = PBXSourcesBuildPhase;
			buildActionMask = 2147483647;
			files = (
				C8748C891CE5853A004125DB /* UIPasteboardTest1Tests.m in Sources */,
			);
			runOnlyForDeploymentPostprocessing = 0;
		};
		C8748C8B1CE5853A004125DB /* Sources */ = {
			isa = PBXSourcesBuildPhase;
			buildActionMask = 2147483647;
			files = (
				C8748C941CE5853A004125DB /* UIPasteboardTest1UITests.m in Sources */,
			);
			runOnlyForDeploymentPostprocessing = 0;
		};
/* End PBXSourcesBuildPhase section */

/* Begin PBXTargetDependency section */
		C8748C861CE5853A004125DB /* PBXTargetDependency */ = {
			isa = PBXTargetDependency;
			target = C8748C6A1CE58539004125DB /* UIPasteboardTest1 */;
			targetProxy = C8748C851CE5853A004125DB /* PBXContainerItemProxy */;
		};
		C8748C911CE5853A004125DB /* PBXTargetDependency */ = {
			isa = PBXTargetDependency;
			target = C8748C6A1CE58539004125DB /* UIPasteboardTest1 */;
			targetProxy = C8748C901CE5853A004125DB /* PBXContainerItemProxy */;
		};
/* End PBXTargetDependency section */

/* Begin PBXVariantGroup section */
		C8748C771CE5853A004125DB /* Main.storyboard */ = {
			isa = PBXVariantGroup;
			children = (
				C8748C781CE5853A004125DB /* Base */,
			);
			name = Main.storyboard;
			sourceTree = "<group>";
		};
		C8748C7C1CE5853A004125DB /* LaunchScreen.storyboard */ = {
			isa = PBXVariantGroup;
			children = (
				C8748C7D1CE5853A004125DB /* Base */,
			);
			name = LaunchScreen.storyboard;
			sourceTree = "<group>";
		};
/* End PBXVariantGroup section */

/* Begin XCBuildConfiguration section */
		C8748C961CE5853A004125DB /* Debug */ = {
			isa = XCBuildConfiguration;
			buildSettings = {
				ALWAYS_SEARCH_USER_PATHS = NO;
				CLANG_ANALYZER_NONNULL = YES;
				CLANG_CXX_LANGUAGE_STANDARD = "gnu++0x";
				CLANG_CXX_LIBRARY = "libc++";
				CLANG_ENABLE_MODULES = YES;
				CLANG_ENABLE_OBJC_ARC = YES;
				CLANG_WARN_BOOL_CONVERSION = YES;
				CLANG_WARN_CONSTANT_CONVERSION = YES;
				CLANG_WARN_DIRECT_OBJC_ISA_USAGE = YES_ERROR;
				CLANG_WARN_EMPTY_BODY = YES;
				CLANG_WARN_ENUM_CONVERSION = YES;
				CLANG_WARN_INT_CONVERSION = YES;
				CLANG_WARN_OBJC_ROOT_CLASS = YES_ERROR;
				CLANG_WARN_UNREACHABLE_CODE = YES;
				CLANG_WARN__DUPLICATE_METHOD_MATCH = YES;
				"CODE_SIGN_IDENTITY[sdk=iphoneos*]" = "iPhone Developer";
				COPY_PHASE_STRIP = NO;
				DEBUG_INFORMATION_FORMAT = dwarf;
				ENABLE_STRICT_OBJC_MSGSEND = YES;
				ENABLE_TESTABILITY = YES;
				GCC_C_LANGUAGE_STANDARD = gnu99;
				GCC_DYNAMIC_NO_PIC = NO;
				GCC_NO_COMMON_BLOCKS = YES;
				GCC_OPTIMIZATION_LEVEL = 0;
				GCC_PREPROCESSOR_DEFINITIONS = (
					"DEBUG=1",
					"$(inherited)",
				);
				GCC_WARN_64_TO_32_BIT_CONVERSION = YES;
				GCC_WARN_ABOUT_RETURN_TYPE = YES_ERROR;
				GCC_WARN_UNDECLARED_SELECTOR = YES;
				GCC_WARN_UNINITIALIZED_AUTOS = YES_AGGRESSIVE;
				GCC_WARN_UNUSED_FUNCTION = YES;
				GCC_WARN_UNUSED_VARIABLE = YES;
				IPHONEOS_DEPLOYMENT_TARGET = 9.3;
				MTL_ENABLE_DEBUG_INFO = YES;
				ONLY_ACTIVE_ARCH = YES;
				SDKROOT = iphoneos;
				TARGETED_DEVICE_FAMILY = "1,2";
			};
			name = Debug;
		};
		C8748C971CE5853A004125DB /* Release */ = {
			isa = XCBuildConfiguration;
			buildSettings = {
				ALWAYS_SEARCH_USER_PATHS = NO;
				CLANG_ANALYZER_NONNULL = YES;
				CLANG_CXX_LANGUAGE_STANDARD = "gnu++0x";
				CLANG_CXX_LIBRARY = "libc++";
				CLANG_ENABLE_MODULES = YES;
				CLANG_ENABLE_OBJC_ARC = YES;
				CLANG_WARN_BOOL_CONVERSION = YES;
				CLANG_WARN_CONSTANT_CONVERSION = YES;
				CLANG_WARN_DIRECT_OBJC_ISA_USAGE = YES_ERROR;
				CLANG_WARN_EMPTY_BODY = YES;
				CLANG_WARN_ENUM_CONVERSION = YES;
				CLANG_WARN_INT_CONVERSION = YES;
				CLANG_WARN_OBJC_ROOT_CLASS = YES_ERROR;
				CLANG_WARN_UNREACHABLE_CODE = YES;
				CLANG_WARN__DUPLICATE_METHOD_MATCH = YES;
				"CODE_SIGN_IDENTITY[sdk=iphoneos*]" = "iPhone Developer";
				COPY_PHASE_STRIP = NO;
				DEBUG_INFORMATION_FORMAT = "dwarf-with-dsym";
				ENABLE_NS_ASSERTIONS = NO;
				ENABLE_STRICT_OBJC_MSGSEND = YES;
				GCC_C_LANGUAGE_STANDARD = gnu99;
				GCC_NO_COMMON_BLOCKS = YES;
				GCC_WARN_64_TO_32_BIT_CONVERSION = YES;
				GCC_WARN_ABOUT_RETURN_TYPE = YES_ERROR;
				GCC_WARN_UNDECLARED_SELECTOR = YES;
				GCC_WARN_UNINITIALIZED_AUTOS = YES_AGGRESSIVE;
				GCC_WARN_UNUSED_FUNCTION = YES;
				GCC_WARN_UNUSED_VARIABLE = YES;
				IPHONEOS_DEPLOYMENT_TARGET = 9.3;
				MTL_ENABLE_DEBUG_INFO = NO;
				ONLY_ACTIVE_ARCH = YES;
				SDKROOT = iphoneos;
				TARGETED_DEVICE_FAMILY = "1,2";
				VALIDATE_PRODUCT = YES;
			};
			name = Release;
		};
		C8748C991CE5853A004125DB /* Debug */ = {
			isa = XCBuildConfiguration;
			buildSettings = {
				ASSETCATALOG_COMPILER_APPICON_NAME = AppIcon;
				CODE_SIGN_ENTITLEMENTS = UIPasteboardTest1/UIPasteboardTest1.entitlements;
				CODE_SIGN_IDENTITY = "iPhone Developer: qinjun ma (B3JPKW426Z)";
				"CODE_SIGN_IDENTITY[sdk=iphoneos*]" = "iPhone Developer: qinjun ma (B3JPKW426Z)";
				ENABLE_BITCODE = NO;
				FRAMEWORK_SEARCH_PATHS = (
					"$(inherited)",
					"$(PROJECT_DIR)/UIPasteboardTest1",
				);
				INFOPLIST_FILE = UIPasteboardTest1/Info.plist;
				IPHONEOS_DEPLOYMENT_TARGET = 8.0;
				LD_RUNPATH_SEARCH_PATHS = "$(inherited) @executable_path/Frameworks";
				LIBRARY_SEARCH_PATHS = (
					"$(inherited)",
					"$(PROJECT_DIR)",
				);
				PRODUCT_BUNDLE_IDENTIFIER = com.maqj.UIPasteboardTest1s;
				PRODUCT_NAME = "$(TARGET_NAME)";
				PROVISIONING_PROFILE = "";
			};
			name = Debug;
		};
		C8748C9A1CE5853A004125DB /* Release */ = {
			isa = XCBuildConfiguration;
			buildSettings = {
				ASSETCATALOG_COMPILER_APPICON_NAME = AppIcon;
				CODE_SIGN_ENTITLEMENTS = UIPasteboardTest1/UIPasteboardTest1.entitlements;
				CODE_SIGN_IDENTITY = "iPhone Developer: qinjun ma (B3JPKW426Z)";
				"CODE_SIGN_IDENTITY[sdk=iphoneos*]" = "iPhone Developer: qinjun ma (B3JPKW426Z)";
				ENABLE_BITCODE = NO;
				FRAMEWORK_SEARCH_PATHS = (
					"$(inherited)",
					"$(PROJECT_DIR)/UIPasteboardTest1",
				);
				INFOPLIST_FILE = UIPasteboardTest1/Info.plist;
				IPHONEOS_DEPLOYMENT_TARGET = 8.0;
				LD_RUNPATH_SEARCH_PATHS = "$(inherited) @executable_path/Frameworks";
				LIBRARY_SEARCH_PATHS = (
					"$(inherited)",
					"$(PROJECT_DIR)",
				);
				PRODUCT_BUNDLE_IDENTIFIER = com.maqj.UIPasteboardTest1s;
				PRODUCT_NAME = "$(TARGET_NAME)";
				PROVISIONING_PROFILE = "";
			};
			name = Release;
		};
		C8748C9C1CE5853A004125DB /* Debug */ = {
			isa = XCBuildConfiguration;
			buildSettings = {
				BUNDLE_LOADER = "$(TEST_HOST)";
				INFOPLIST_FILE = UIPasteboardTest1Tests/Info.plist;
				LD_RUNPATH_SEARCH_PATHS = "$(inherited) @executable_path/Frameworks @loader_path/Frameworks";
				PRODUCT_BUNDLE_IDENTIFIER = com.maqj.UIPasteboardTest1Tests;
				PRODUCT_NAME = "$(TARGET_NAME)";
				TEST_HOST = "$(BUILT_PRODUCTS_DIR)/UIPasteboardTest1.app/UIPasteboardTest1";
			};
			name = Debug;
		};
		C8748C9D1CE5853A004125DB /* Release */ = {
			isa = XCBuildConfiguration;
			buildSettings = {
				BUNDLE_LOADER = "$(TEST_HOST)";
				INFOPLIST_FILE = UIPasteboardTest1Tests/Info.plist;
				LD_RUNPATH_SEARCH_PATHS = "$(inherited) @executable_path/Frameworks @loader_path/Frameworks";
				PRODUCT_BUNDLE_IDENTIFIER = com.maqj.UIPasteboardTest1Tests;
				PRODUCT_NAME = "$(TARGET_NAME)";
				TEST_HOST = "$(BUILT_PRODUCTS_DIR)/UIPasteboardTest1.app/UIPasteboardTest1";
			};
			name = Release;
		};
		C8748C9F1CE5853A004125DB /* Debug */ = {
			isa = XCBuildConfiguration;
			buildSettings = {
				INFOPLIST_FILE = UIPasteboardTest1UITests/Info.plist;
				LD_RUNPATH_SEARCH_PATHS = "$(inherited) @executable_path/Frameworks @loader_path/Frameworks";
				PRODUCT_BUNDLE_IDENTIFIER = com.maqj.UIPasteboardTest1UITests;
				PRODUCT_NAME = "$(TARGET_NAME)";
				TEST_TARGET_NAME = UIPasteboardTest1;
			};
			name = Debug;
		};
		C8748CA01CE5853A004125DB /* Release */ = {
			isa = XCBuildConfiguration;
			buildSettings = {
				INFOPLIST_FILE = UIPasteboardTest1UITests/Info.plist;
				LD_RUNPATH_SEARCH_PATHS = "$(inherited) @executable_path/Frameworks @loader_path/Frameworks";
				PRODUCT_BUNDLE_IDENTIFIER = com.maqj.UIPasteboardTest1UITests;
				PRODUCT_NAME = "$(TARGET_NAME)";
				TEST_TARGET_NAME = UIPasteboardTest1;
			};
			name = Release;
		};
/* End XCBuildConfiguration section */

/* Begin XCConfigurationList section */
		C8748C661CE58539004125DB /* Build configuration list for PBXProject "UIPasteboardTest1" */ = {
			isa = XCConfigurationList;
			buildConfigurations = (
				C8748C961CE5853A004125DB /* Debug */,
				C8748C971CE5853A004125DB /* Release */,
			);
			defaultConfigurationIsVisible = 0;
			defaultConfigurationName = Release;
		};
		C8748C981CE5853A004125DB /* Build configuration list for PBXNativeTarget "UIPasteboardTest1" */ = {
			isa = XCConfigurationList;
			buildConfigurations = (
				C8748C991CE5853A004125DB /* Debug */,
				C8748C9A1CE5853A004125DB /* Release */,
			);
			defaultConfigurationIsVisible = 0;
			defaultConfigurationName = Release;
		};
		C8748C9B1CE5853A004125DB /* Build configuration list for PBXNativeTarget "UIPasteboardTest1Tests" */ = {
			isa = XCConfigurationList;
			buildConfigurations = (
				C8748C9C1CE5853A004125DB /* Debug */,
				C8748C9D1CE5853A004125DB /* Release */,
			);
			defaultConfigurationIsVisible = 0;
			defaultConfigurationName = Release;
		};
		C8748C9E1CE5853A004125DB /* Build configuration list for PBXNativeTarget "UIPasteboardTest1UITests" */ = {
			isa = XCConfigurationList;
			buildConfigurations = (
				C8748C9F1CE5853A004125DB /* Debug */,
				C8748CA01CE5853A004125DB /* Release */,
			);
			defaultConfigurationIsVisible = 0;
			defaultConfigurationName = Release;
		};
/* End XCConfigurationList section */
	};
	rootObject = C8748C631CE58539004125DB /* Project object */;
}
